// !$*UTF8*$!
{
	archiveVersion = 1;
	classes = {
	};
	objectVersion = 46;
	objects = {

/* Begin PBXBuildFile section */
		3662E18D1C00813E000F8165 /* main.m in Sources */ = {isa = PBXBuildFile; fileRef = 3662E18C1C00813E000F8165 /* main.m */; };
		3662E1901C00813E000F8165 /* AppDelegate.m in Sources */ = {isa = PBXBuildFile; fileRef = 3662E18F1C00813E000F8165 /* AppDelegate.m */; };
		3662E1931C00813E000F8165 /* ViewController.m in Sources */ = {isa = PBXBuildFile; fileRef = 3662E1921C00813E000F8165 /* ViewController.m */; };
		3662E1961C00813E000F8165 /* Main.storyboard in Resources */ = {isa = PBXBuildFile; fileRef = 3662E1941C00813E000F8165 /* Main.storyboard */; };
		3662E1981C00813E000F8165 /* Assets.xcassets in Resources */ = {isa = PBXBuildFile; fileRef = 3662E1971C00813E000F8165 /* Assets.xcassets */; };
		3662E19B1C00813E000F8165 /* LaunchScreen.storyboard in Resources */ = {isa = PBXBuildFile; fileRef = 3662E1991C00813E000F8165 /* LaunchScreen.storyboard */; };
/* End PBXBuildFile section */

/* Begin PBXFileReference section */
		3662E1881C00813E000F8165 /* PdfCreator.app */ = {isa = PBXFileReference; explicitFileType = wrapper.application; includeInIndex = 0; path = PdfCreator.app; sourceTree = BUILT_PRODUCTS_DIR; };
		3662E18C1C00813E000F8165 /* main.m */ = {isa = PBXFileReference; lastKnownFileType = sourcecode.c.objc; path = main.m; sourceTree = "<group>"; };
		3662E18E1C00813E000F8165 /* AppDelegate.h */ = {isa = PBXFileReference; lastKnownFileType = sourcecode.c.h; path = AppDelegate.h; sourceTree = "<group>"; };
		3662E18F1C00813E000F8165 /* AppDelegate.m */ = {isa = PBXFileReference; lastKnownFileType = sourcecode.c.objc; path = AppDelegate.m; sourceTree = "<group>"; };
		3662E1911C00813E000F8165 /* ViewController.h */ = {isa = PBXFileReference; lastKnownFileType = sourcecode.c.h; path = ViewController.h; sourceTree = "<group>"; };
		3662E1921C00813E000F8165 /* ViewController.m */ = {isa = PBXFileReference; lastKnownFileType = sourcecode.c.objc; path = ViewController.m; sourceTree = "<group>"; };
		3662E1951C00813E000F8165 /* Base */ = {isa = PBXFileReference; lastKnownFileType = file.storyboard; name = Base; path = Base.lproj/Main.storyboard; sourceTree = "<group>"; };
		3662E1971C00813E000F8165 /* Assets.xcassets */ = {isa = PBXFileReference; lastKnownFileType = folder.assetcatalog; path = Assets.xcassets; sourceTree = "<group>"; };
		3662E19A1C00813E000F8165 /* Base */ = {isa = PBXFileReference; lastKnownFileType = file.storyboard; name = Base; path = Base.lproj/LaunchScreen.storyboard; sourceTree = "<group>"; };
		3662E19C1C00813E000F8165 /* Info.plist */ = {isa = PBXFileReference; lastKnownFileType = text.plist.xml; path = Info.plist; sourceTree = "<group>"; };
/* End PBXFileReference section */

/* Begin PBXFrameworksBuildPhase section */
		3662E1851C00813E000F8165 /* Frameworks */ = {
			isa = PBXFrameworksBuildPhase;
			buildActionMask = 2147483647;
			files = (
			);
			runOnlyForDeploymentPostprocessing = 0;
		};
/* End PBXFrameworksBuildPhase section */

/* Begin PBXGroup section */
		3662E17F1C00813E000F8165 = {
			isa = PBXGroup;
			children = (
				3662E18A1C00813E000F8165 /* PdfCreator */,
				3662E1891C00813E000F8165 /* Products */,
			);
			sourceTree = "<group>";
		};
		3662E1891C00813E000F8165 /* Products */ = {
			isa = PBXGroup;
			children = (
				3662E1881C00813E000F8165 /* PdfCreator.app */,
			);
			name = Products;
			sourceTree = "<group>";
		};
		3662E18A1C00813E000F8165 /* PdfCreator */ = {
			isa = PBXGroup;
			children = (
				3662E18E1C00813E000F8165 /* AppDelegate.h */,
				3662E18F1C00813E000F8165 /* AppDelegate.m */,
				3662E1911C00813E000F8165 /* ViewController.h */,
				3662E1921C00813E000F8165 /* ViewController.m */,
				3662E1941C00813E000F8165 /* Main.storyboard */,
				3662E1971C00813E000F8165 /* Assets.xcassets */,
				3662E1991C00813E000F8165 /* LaunchScreen.storyboard */,
				3662E19C1C00813E000F8165 /* Info.plist */,
				3662E18B1C00813E000F8165 /* Supporting Files */,
			);
			path = PdfCreator;
			sourceTree = "<group>";
		};
		3662E18B1C00813E000F8165 /* Supporting Files */ = {
			isa = PBXGroup;
			children = (
				3662E18C1C00813E000F8165 /* main.m */,
			);
			name = "Supporting Files";
			sourceTree = "<group>";
		};
/* End PBXGroup section */

/* Begin PBXNativeTarget section */
		3662E1871C00813E000F8165 /* PdfCreator */ = {
			isa = PBXNativeTarget;
			buildConfigurationList = 3662E19F1C00813E000F8165 /* Build configuration list for PBXNativeTarget "PdfCreator" */;
			buildPhases = (
				3662E1841C00813E000F8165 /* Sources */,
				3662E1851C00813E000F8165 /* Frameworks */,
				3662E1861C00813E000F8165 /* Resources */,
			);
			buildRules = (
			);
			dependencies = (
			);
			name = PdfCreator;
			productName = PdfCreator;
			productReference = 3662E1881C00813E000F8165 /* PdfCreator.app */;
			productType = "com.apple.product-type.application";
		};
/* End PBXNativeTarget section */

/* Begin PBXProject section */
		3662E1801C00813E000F8165 /* Project object */ = {
			isa = PBXProject;
			attributes = {
				LastUpgradeCheck = 0710;
				ORGANIZATIONNAME = "Kenan Karakecili";
				TargetAttributes = {
					3662E1871C00813E000F8165 = {
						CreatedOnToolsVersion = 7.1.1;
					};
				};
			};
			buildConfigurationList = 3662E1831C00813E000F8165 /* Build configuration list for PBXProject "PdfCreator" */;
			compatibilityVersion = "Xcode 3.2";
			developmentRegion = English;
			hasScannedForEncodings = 0;
			knownRegions = (
				en,
				Base,
			);
			mainGroup = 3662E17F1C00813E000F8165;
			productRefGroup = 3662E1891C00813E000F8165 /* Products */;
			projectDirPath = "";
			projectRoot = "";
			targets = (
				3662E1871C00813E000F8165 /* PdfCreator */,
			);
		};
/* End PBXProject section */

/* Begin PBXResourcesBuildPhase section */
		3662E1861C00813E000F8165 /* Resources */ = {
			isa = PBXResourcesBuildPhase;
			buildActionMask = 2147483647;
			files = (
				3662E19B1C00813E000F8165 /* LaunchScreen.storyboard in Resources */,
				3662E1981C00813E000F8165 /* Assets.xcassets in Resources */,
				3662E1961C00813E000F8165 /* Main.storyboard in Resources */,
			);
			runOnlyForDeploymentPostprocessing = 0;
		};
/* End PBXResourcesBuildPhase section */

/* Begin PBXSourcesBuildPhase section */
		3662E1841C00813E000F8165 /* Sources */ = {
			isa = PBXSourcesBuildPhase;
			buildActionMask = 2147483647;
			files = (
				3662E1931C00813E000F8165 /* ViewController.m in Sources */,
				3662E1901C00813E000F8165 /* AppDelegate.m in Sources */,
				3662E18D1C00813E000F8165 /* main.m in Sources */,
			);
			runOnlyForDeploymentPostprocessing = 0;
		};
/* End PBXSourcesBuildPhase section */

/* Begin PBXVariantGroup section */
		3662E1941C00813E000F8165 /* Main.storyboard */ = {
			isa = PBXVariantGroup;
			children = (
				3662E1951C00813E000F8165 /* Base */,
			);
			name = Main.storyboard;
			sourceTree = "<group>";
		};
		3662E1991C00813E000F8165 /* LaunchScreen.storyboard */ = {
			isa = PBXVariantGroup;
			children = (
				3662E19A1C00813E000F8165 /* Base */,
			);
			name = LaunchScreen.storyboard;
			sourceTree = "<group>";
		};
/* End PBXVariantGroup section */

/* Begin XCBuildConfiguration section */
		3662E19D1C00813E000F8165 /* Debug */ = {
			isa = XCBuildConfiguration;
			buildSettings = {
				ALWAYS_SEARCH_USER_PATHS = NO;
				CLANG_CXX_LANGUAGE_STANDARD = "gnu++0x";
				CLANG_CXX_LIBRARY = "libc++";
				CLANG_ENABLE_MODULES = YES;
				CLANG_ENABLE_OBJC_ARC = YES;
				CLANG_WARN_BOOL_CONVERSION = YES;
				CLANG_WARN_CONSTANT_CONVERSION = YES;
				CLANG_WARN_DIRECT_OBJC_ISA_USAGE = YES_ERROR;
				CLANG_WARN_EMPTY_BODY = YES;
				CLANG_WARN_ENUM_CONVERSION = YES;
				CLANG_WARN_INT_CONVERSION = YES;
				CLANG_WARN_OBJC_ROOT_CLASS = YES_ERROR;
				CLANG_WARN_UNREACHABLE_CODE = YES;
				CLANG_WARN__DUPLICATE_METHOD_MATCH = YES;
				"CODE_SIGN_IDENTITY[sdk=iphoneos*]" = "iPhone Developer";
				COPY_PHASE_STRIP = NO;
				DEBUG_INFORMATION_FORMAT = dwarf;
				ENABLE_STRICT_OBJC_MSGSEND = YES;
				ENABLE_TESTABILITY = YES;
				GCC_C_LANGUAGE_STANDARD = gnu99;
				GCC_DYNAMIC_NO_PIC = NO;
				GCC_NO_COMMON_BLOCKS = YES;
				GCC_OPTIMIZATION_LEVEL = 0;
				GCC_PREPROCESSOR_DEFINITIONS = (
					"DEBUG=1",
					"$(inherited)",
				);
				GCC_WARN_64_TO_32_BIT_CONVERSION = YES;
				GCC_WARN_ABOUT_RETURN_TYPE = YES_ERROR;
				GCC_WARN_UNDECLARED_SELECTOR = YES;
				GCC_WARN_UNINITIALIZED_AUTOS = YES_AGGRESSIVE;
				GCC_WARN_UNUSED_FUNCTION = YES;
				GCC_WARN_UNUSED_VARIABLE = YES;
				IPHONEOS_DEPLOYMENT_TARGET = 9.1;
				MTL_ENABLE_DEBUG_INFO = YES;
				ONLY_ACTIVE_ARCH = YES;
				SDKROOT = iphoneos;
			};
			name = Debug;
		};
		3662E19E1C00813E000F8165 /* Release */ = {
			isa = XCBuildConfiguration;
			buildSettings = {
				ALWAYS_SEARCH_USER_PATHS = NO;
				CLANG_CXX_LANGUAGE_STANDARD = "gnu++0x";
				CLANG_CXX_LIBRARY = "libc++";
				CLANG_ENABLE_MODULES = YES;
				CLANG_ENABLE_OBJC_ARC = YES;
				CLANG_WARN_BOOL_CONVERSION = YES;
				CLANG_WARN_CONSTANT_CONVERSION = YES;
				CLANG_WARN_DIRECT_OBJC_ISA_USAGE = YES_ERROR;
				CLANG_WARN_EMPTY_BODY = YES;
				CLANG_WARN_ENUM_CONVERSION = YES;
				CLANG_WARN_INT_CONVERSION = YES;
				CLANG_WARN_OBJC_ROOT_CLASS = YES_ERROR;
				CLANG_WARN_UNREACHABLE_CODE = YES;
				CLANG_WARN__DUPLICATE_METHOD_MATCH = YES;
				"CODE_SIGN_IDENTITY[sdk=iphoneos*]" = "iPhone Developer";
				COPY_PHASE_STRIP = NO;
				DEBUG_INFORMATION_FORMAT = "dwarf-with-dsym";
				ENABLE_NS_ASSERTIONS = NO;
				ENABLE_STRICT_OBJC_MSGSEND = YES;
				GCC_C_LANGUAGE_STANDARD = gnu99;
				GCC_NO_COMMON_BLOCKS = YES;
				GCC_WARN_64_TO_32_BIT_CONVERSION = YES;
				GCC_WARN_ABOUT_RETURN_TYPE = YES_ERROR;
				GCC_WARN_UNDECLARED_SELECTOR = YES;
				GCC_WARN_UNINITIALIZED_AUTOS = YES_AGGRESSIVE;
				GCC_WARN_UNUSED_FUNCTION = YES;
				GCC_WARN_UNUSED_VARIABLE = YES;
				IPHONEOS_DEPLOYMENT_TARGET = 9.1;
				MTL_ENABLE_DEBUG_INFO = NO;
				SDKROOT = iphoneos;
				VALIDATE_PRODUCT = YES;
			};
			name = Release;
		};
		3662E1A01C00813E000F8165 /* Debug */ = {
			isa = XCBuildConfiguration;
			buildSettings = {
				ASSETCATALOG_COMPILER_APPICON_NAME = AppIcon;
				INFOPLIST_FILE = PdfCreator/Info.plist;
				LD_RUNPATH_SEARCH_PATHS = "$(inherited) @executable_path/Frameworks";
				PRODUCT_BUNDLE_IDENTIFIER = Karakecili.PdfCreator;
				PRODUCT_NAME = "$(TARGET_NAME)";
			};
			name = Debug;
		};
		3662E1A11C00813E000F8165 /* Release */ = {
			isa = XCBuildConfiguration;
			buildSettings = {
				ASSETCATALOG_COMPILER_APPICON_NAME = AppIcon;
				INFOPLIST_FILE = PdfCreator/Info.plist;
				LD_RUNPATH_SEARCH_PATHS = "$(inherited) @executable_path/Frameworks";
				PRODUCT_BUNDLE_IDENTIFIER = Karakecili.PdfCreator;
				PRODUCT_NAME = "$(TARGET_NAME)";
			};
			name = Release;
		};
/* End XCBuildConfiguration section */

/* Begin XCConfigurationList section */
		3662E1831C00813E000F8165 /* Build configuration list for PBXProject "PdfCreator" */ = {
			isa = XCConfigurationList;
			buildConfigurations = (
				3662E19D1C00813E000F8165 /* Debug */,
				3662E19E1C00813E000F8165 /* Release */,
			);
			defaultConfigurationIsVisible = 0;
			defaultConfigurationName = Release;
		};
		3662E19F1C00813E000F8165 /* Build configuration list for PBXNativeTarget "PdfCreator" */ = {
			isa = XCConfigurationList;
			buildConfigurations = (
				3662E1A01C00813E000F8165 /* Debug */,
				3662E1A11C00813E000F8165 /* Release */,
			);
			defaultConfigurationIsVisible = 0;
		};
/* End XCConfigurationList section */
	};
	rootObject = 3662E1801C00813E000F8165 /* Project object */;
}
